
Microsoft Visual Studio Solution File, Format Version 12.00
# Visual Studio 15
VisualStudioVersion = 15.0.26430.15
MinimumVisualStudioVersion = 10.0.40219.1
Project("{2150E333-8FDC-42A3-9474-1A3956D46DE8}") = "1. Presentation", "1. Presentation", "{6FE3573E-2A8E-46B0-AB61-FAFCC1DD1A4C}"
EndProject
Project("{2150E333-8FDC-42A3-9474-1A3956D46DE8}") = "2. Domain", "2. Domain", "{0668F4BC-A2BA-4476-BBEE-54D9D010E5A6}"
EndProject
Project("{2150E333-8FDC-42A3-9474-1A3956D46DE8}") = "3. Repository", "3. Repository", "{C374DFFD-A98D-4B79-9718-11130CBDBD39}"
EndProject
Project("{2150E333-8FDC-42A3-9474-1A3956D46DE8}") = "4. Database", "4. Database", "{687FD829-BD22-4E0F-B171-2EC864884C02}"
EndProject
Project("{00D1A9C2-B5F0-4AF3-8072-F6C62B433612}") = "ygo.database.scripts", "src\Database\ygo.database.scripts\ygo.database.scripts.sqlproj", "{41016865-06CC-40C2-9E9F-19E779668F77}"
EndProject
Project("{FAE04EC0-301F-11D3-BF4B-00C04F79EFBC}") = "ygo.api", "src\Presentation\ygo.api\ygo.api.csproj", "{236519A7-27B3-428B-A7C2-F9353B10DE75}"
EndProject
Global
	GlobalSection(SolutionConfigurationPlatforms) = preSolution
		Debug|Any CPU = Debug|Any CPU
		Release|Any CPU = Release|Any CPU
	EndGlobalSection
	GlobalSection(ProjectConfigurationPlatforms) = postSolution
		{41016865-06CC-40C2-9E9F-19E779668F77}.Debug|Any CPU.ActiveCfg = Debug|Any CPU
		{41016865-06CC-40C2-9E9F-19E779668F77}.Debug|Any CPU.Build.0 = Debug|Any CPU
		{41016865-06CC-40C2-9E9F-19E779668F77}.Debug|Any CPU.Deploy.0 = Debug|Any CPU
		{41016865-06CC-40C2-9E9F-19E779668F77}.Release|Any CPU.ActiveCfg = Release|Any CPU
		{41016865-06CC-40C2-9E9F-19E779668F77}.Release|Any CPU.Build.0 = Release|Any CPU
		{41016865-06CC-40C2-9E9F-19E779668F77}.Release|Any CPU.Deploy.0 = Release|Any CPU
		{236519A7-27B3-428B-A7C2-F9353B10DE75}.Debug|Any CPU.ActiveCfg = Debug|Any CPU
		{236519A7-27B3-428B-A7C2-F9353B10DE75}.Debug|Any CPU.Build.0 = Debug|Any CPU
		{236519A7-27B3-428B-A7C2-F9353B10DE75}.Release|Any CPU.ActiveCfg = Release|Any CPU
		{236519A7-27B3-428B-A7C2-F9353B10DE75}.Release|Any CPU.Build.0 = Release|Any CPU
	EndGlobalSection
	GlobalSection(SolutionProperties) = preSolution
		HideSolutionNode = FALSE
	EndGlobalSection
	GlobalSection(NestedProjects) = preSolution
		{41016865-06CC-40C2-9E9F-19E779668F77} = {687FD829-BD22-4E0F-B171-2EC864884C02}
		{236519A7-27B3-428B-A7C2-F9353B10DE75} = {6FE3573E-2A8E-46B0-AB61-FAFCC1DD1A4C}
	EndGlobalSection
EndGlobal
